lockfileVersion: '9.0'

settings:
  autoInstallPeers: true
  excludeLinksFromLockfile: false

importers:

  .:
    devDependencies:
      turbo:
        specifier: ^2.10.4
        version: 2.10.4

  packages/fixtures:
    devDependencies:
      typescript:
        specifier: ^5
        version: 5.9.3

  packages/tokens:
    devDependencies:
      typescript:
        specifier: ^5
        version: 5.9.3

  packages/ui:
    dependencies:
      '@low/fixtures':
        specifier: workspace:*
        version: link:../fixtures
      '@low/tokens':
        specifier: workspace:*
        version: link:../tokens
    devDependencies:
      '@types/react':
        specifier: ^19
        version: 19.2.17
      react:
        specifier: ^19
        version: 19.2.7
      typescript:
        specifier: ^5
        version: 5.9.3

packages:

  '@turbo/darwin-64@2.10.4':
    resolution: {integrity: sha512-m1MUEI4MJ69r5CwfMYxmHi0H0rrgiYCBOp0tgBZ9x/YVvOb5uu/lRIDyDwdtH054R2yWeQaIigUGu6aCX9f8cA==}
    cpu: [x64]
    os: [darwin]

  '@turbo/darwin-arm64@2.10.4':
    resolution: {integrity: sha512-VQ1Yxs5zkPT+2z7t1P4mvn6JmcKLkOCAsPuK9XbOvuVj0DlTlETfIXNisX0771v/vTWHOQqiwoGi+TtAUq8efw==}
    cpu: [arm64]
    os: [darwin]

  '@turbo/linux-64@2.10.4':
    resolution: {integrity: sha512-IzV1QovmwX7mfGnVinmE++2IB8tbeo38weltiuH5zNqwCTBjLs/DytyRKx+bmnhHdXIq9SheR8p0Nip/LBUPHg==}
    cpu: [x64]
    os: [linux]

  '@turbo/linux-arm64@2.10.4':
    resolution: {integrity: sha512-rfujSQkP5aYiRn0PgTM7F00WkJCP/bKDVZbOx3WmrZwa/vHA0bplhCl328kpX7VI9HH2vI90ISGwuSVgJgoqTw==}
    cpu: [arm64]
    os: [linux]

  '@turbo/windows-64@2.10.4':
    resolution: {integrity: sha512-NnspP7Wd5fa3Wwnqv9bKfhegqZzuHBgbPxdZU/idTLQcazx/vgKu95JlCx2YHY0hdvKCnPcARrDwM+KEUmaO7A==}
    cpu: [x64]
    os: [win32]

  '@turbo/windows-arm64@2.10.4':
    resolution: {integrity: sha512-Iv02YgOpaEShc2OkG7mgCJ2pEw1RUKiKbs0h8W5wAf4jZ5vpmraTEjuGTgHRuOORQnC1GN3KHo5WB+hu1abRMA==}
    cpu: [arm64]
    os: [win32]

  '@types/react@19.2.17':
    resolution: {integrity: sha512-MXfmqaVPEVgkBT/aY0aGCkRWWtByiYQXo3xdQ8r5RzuFrPiRn8Gar2tQdXSUQ2GKV3bkXckek89V8wQBY2Q/Aw==}

  csstype@3.2.3:
    resolution: {integrity: sha512-z1HGKcYy2xA8AGQfwrn0PAy+PB7X/GSj3UVJW9qKyn43xWa+gl5nXmU4qqLMRzWVLFC8KusUX8T/0kCiOYpAIQ==}

  react@19.2.7:
    resolution: {integrity: sha512-HNe9WslTbXmFK8o8cmwgAeJFSBvt1bPdHCVKtaaV+WlAN36mpT4hcRpwbf3fY56ar2oIXzsBpOAiIRHAdY0OlQ==}
    engines: {node: '>=0.10.0'}

  turbo@2.10.4:
    resolution: {integrity: sha512-GQpduILaKjoaGljw097ScsSyKTtZSY7cZ3bJktzfTkPMyCf3ShKLuXK2IaOEN2Plziml+ArR7WJ1m+V4VbnaKQ==}
    hasBin: true

  typescript@5.9.3:
    resolution: {integrity: sha512-jl1vZzPDinLr9eUt3J/t7V6FgNEw9QjvBPdysz9KfQDD41fQrC2Y4vKQdiaUpFT4bXlb1RHhLpp8wtm6M5TgSw==}
    engines: {node: '>=14.17'}
    hasBin: true

snapshots:

  '@turbo/darwin-64@2.10.4':
    optional: true

  '@turbo/darwin-arm64@2.10.4':
    optional: true

  '@turbo/linux-64@2.10.4':
    optional: true

  '@turbo/linux-arm64@2.10.4':
    optional: true

  '@turbo/windows-64@2.10.4':
    optional: true

  '@turbo/windows-arm64@2.10.4':
    optional: true

  '@types/react@19.2.17':
    dependencies:
      csstype: 3.2.3

  csstype@3.2.3: {}

  react@19.2.7: {}

  turbo@2.10.4:
    optionalDependencies:
      '@turbo/darwin-64': 2.10.4
      '@turbo/darwin-arm64': 2.10.4
      '@turbo/linux-64': 2.10.4
      '@turbo/linux-arm64': 2.10.4
      '@turbo/windows-64': 2.10.4
      '@turbo/windows-arm64': 2.10.4

  typescript@5.9.3: {}
